
Microsoft Visual Studio Solution File, Format Version 12.00
Project("{FAE04EC0-301F-11D3-BF4B-00C04F79EFBC}") = "Arma Officer", "Arma Officer.csproj", "{834C88AC-6E7C-4695-A8C2-1094E0DB9E9B}"
EndProject
Global
	GlobalSection(SolutionConfigurationPlatforms) = preSolution
		Debug|Any CPU = Debug|Any CPU
		Release|Any CPU = Release|Any CPU
	EndGlobalSection
	GlobalSection(ProjectConfigurationPlatforms) = postSolution
		{834C88AC-6E7C-4695-A8C2-1094E0DB9E9B}.Debug|Any CPU.ActiveCfg = Debug|Any CPU
		{834C88AC-6E7C-4695-A8C2-1094E0DB9E9B}.Debug|Any CPU.Build.0 = Debug|Any CPU
		{834C88AC-6E7C-4695-A8C2-1094E0DB9E9B}.Release|Any CPU.ActiveCfg = Release|Any CPU
		{834C88AC-6E7C-4695-A8C2-1094E0DB9E9B}.Release|Any CPU.Build.0 = Release|Any CPU
	EndGlobalSection
EndGlobal
